
Microsoft Visual Studio Solution File, Format Version 12.00
# Visual Studio 2012
Project("{FAE04EC0-301F-11D3-BF4B-00C04F79EFBC}") = "UnitTest", "UnitTest\UnitTest.csproj", "{72B333C9-C1F1-4FB4-9FA6-06A54FF89ED5}"
EndProject
Project("{2150E333-8FDC-42A3-9474-1A3956D46DE8}") = "Test", "Test", "{89C20B3D-D529-420C-88F1-8B2A778867F5}"
EndProject
Project("{2150E333-8FDC-42A3-9474-1A3956D46DE8}") = "Datos", "Datos", "{CDC9684B-4AFD-49BD-9074-4AC1DB384E16}"
EndProject
Project("{2150E333-8FDC-42A3-9474-1A3956D46DE8}") = "Negocio", "Negocio", "{63F1455D-1F61-4570-B310-47FE7A08D7E8}"
EndProject
Project("{2150E333-8FDC-42A3-9474-1A3956D46DE8}") = "Presentacion", "Presentacion", "{A8AF7DFE-C758-4008-88DF-040C43B71353}"
EndProject
Project("{FAE04EC0-301F-11D3-BF4B-00C04F79EFBC}") = "Datos", "Aplicacion\Datos\Datos.csproj", "{8E048BDF-075C-4A6A-8660-C4188B748BF5}"
EndProject
Project("{FAE04EC0-301F-11D3-BF4B-00C04F79EFBC}") = "Entidades", "Aplicacion\Negocio\Entidades\Entidades.csproj", "{D8060039-8B31-4B88-A318-20FB89972151}"
EndProject
Project("{FAE04EC0-301F-11D3-BF4B-00C04F79EFBC}") = "ReglasDeNegocio", "Aplicacion\Negocio\ReglasDeNegocio\ReglasDeNegocio.csproj", "{3E55F34E-A72B-4501-9EE2-7FED953EABD7}"
EndProject
Project("{FAE04EC0-301F-11D3-BF4B-00C04F79EFBC}") = "Web", "Aplicacion\Web\Web.csproj", "{ED7943B3-0B6A-4122-845F-168822608B0D}"
EndProject
Project("{FAE04EC0-301F-11D3-BF4B-00C04F79EFBC}") = "Repositorios", "Repositorios\Repositorios.csproj", "{2C396B59-8E41-4AAB-977B-AE675C51185E}"
EndProject
Project("{FAE04EC0-301F-11D3-BF4B-00C04F79EFBC}") = "WebServices", "Aplicacion\Negocio\WebServices\WebServices.csproj", "{6D51DAB9-CFE4-41EB-8515-0CD3D1286FB9}"
EndProject
Project("{FAE04EC0-301F-11D3-BF4B-00C04F79EFBC}") = "WebServiceGeo", "Aplicacion\Negocio\WebServiceGeo\WebServiceGeo\WebServiceGeo.csproj", "{7D044EEB-0094-4848-8A7D-04E87E510689}"
EndProject
Global
	GlobalSection(SolutionConfigurationPlatforms) = preSolution
		Debug|Any CPU = Debug|Any CPU
		Release|Any CPU = Release|Any CPU
	EndGlobalSection
	GlobalSection(ProjectConfigurationPlatforms) = postSolution
		{72B333C9-C1F1-4FB4-9FA6-06A54FF89ED5}.Debug|Any CPU.ActiveCfg = Debug|Any CPU
		{72B333C9-C1F1-4FB4-9FA6-06A54FF89ED5}.Debug|Any CPU.Build.0 = Debug|Any CPU
		{72B333C9-C1F1-4FB4-9FA6-06A54FF89ED5}.Release|Any CPU.ActiveCfg = Release|Any CPU
		{72B333C9-C1F1-4FB4-9FA6-06A54FF89ED5}.Release|Any CPU.Build.0 = Release|Any CPU
		{8E048BDF-075C-4A6A-8660-C4188B748BF5}.Debug|Any CPU.ActiveCfg = Debug|Any CPU
		{8E048BDF-075C-4A6A-8660-C4188B748BF5}.Debug|Any CPU.Build.0 = Debug|Any CPU
		{8E048BDF-075C-4A6A-8660-C4188B748BF5}.Release|Any CPU.ActiveCfg = Release|Any CPU
		{8E048BDF-075C-4A6A-8660-C4188B748BF5}.Release|Any CPU.Build.0 = Release|Any CPU
		{D8060039-8B31-4B88-A318-20FB89972151}.Debug|Any CPU.ActiveCfg = Debug|Any CPU
		{D8060039-8B31-4B88-A318-20FB89972151}.Debug|Any CPU.Build.0 = Debug|Any CPU
		{D8060039-8B31-4B88-A318-20FB89972151}.Release|Any CPU.ActiveCfg = Release|Any CPU
		{D8060039-8B31-4B88-A318-20FB89972151}.Release|Any CPU.Build.0 = Release|Any CPU
		{3E55F34E-A72B-4501-9EE2-7FED953EABD7}.Debug|Any CPU.ActiveCfg = Debug|Any CPU
		{3E55F34E-A72B-4501-9EE2-7FED953EABD7}.Debug|Any CPU.Build.0 = Debug|Any CPU
		{3E55F34E-A72B-4501-9EE2-7FED953EABD7}.Release|Any CPU.ActiveCfg = Release|Any CPU
		{3E55F34E-A72B-4501-9EE2-7FED953EABD7}.Release|Any CPU.Build.0 = Release|Any CPU
		{ED7943B3-0B6A-4122-845F-168822608B0D}.Debug|Any CPU.ActiveCfg = Debug|Any CPU
		{ED7943B3-0B6A-4122-845F-168822608B0D}.Debug|Any CPU.Build.0 = Debug|Any CPU
		{ED7943B3-0B6A-4122-845F-168822608B0D}.Release|Any CPU.ActiveCfg = Release|Any CPU
		{ED7943B3-0B6A-4122-845F-168822608B0D}.Release|Any CPU.Build.0 = Release|Any CPU
		{2C396B59-8E41-4AAB-977B-AE675C51185E}.Debug|Any CPU.ActiveCfg = Debug|Any CPU
		{2C396B59-8E41-4AAB-977B-AE675C51185E}.Debug|Any CPU.Build.0 = Debug|Any CPU
		{2C396B59-8E41-4AAB-977B-AE675C51185E}.Release|Any CPU.ActiveCfg = Release|Any CPU
		{2C396B59-8E41-4AAB-977B-AE675C51185E}.Release|Any CPU.Build.0 = Release|Any CPU
		{6D51DAB9-CFE4-41EB-8515-0CD3D1286FB9}.Debug|Any CPU.ActiveCfg = Debug|Any CPU
		{6D51DAB9-CFE4-41EB-8515-0CD3D1286FB9}.Debug|Any CPU.Build.0 = Debug|Any CPU
		{6D51DAB9-CFE4-41EB-8515-0CD3D1286FB9}.Release|Any CPU.ActiveCfg = Release|Any CPU
		{6D51DAB9-CFE4-41EB-8515-0CD3D1286FB9}.Release|Any CPU.Build.0 = Release|Any CPU
		{7D044EEB-0094-4848-8A7D-04E87E510689}.Debug|Any CPU.ActiveCfg = Debug|Any CPU
		{7D044EEB-0094-4848-8A7D-04E87E510689}.Debug|Any CPU.Build.0 = Debug|Any CPU
		{7D044EEB-0094-4848-8A7D-04E87E510689}.Release|Any CPU.ActiveCfg = Release|Any CPU
		{7D044EEB-0094-4848-8A7D-04E87E510689}.Release|Any CPU.Build.0 = Release|Any CPU
	EndGlobalSection
	GlobalSection(SolutionProperties) = preSolution
		HideSolutionNode = FALSE
	EndGlobalSection
	GlobalSection(NestedProjects) = preSolution
		{72B333C9-C1F1-4FB4-9FA6-06A54FF89ED5} = {89C20B3D-D529-420C-88F1-8B2A778867F5}
		{2C396B59-8E41-4AAB-977B-AE675C51185E} = {89C20B3D-D529-420C-88F1-8B2A778867F5}
		{8E048BDF-075C-4A6A-8660-C4188B748BF5} = {CDC9684B-4AFD-49BD-9074-4AC1DB384E16}
		{D8060039-8B31-4B88-A318-20FB89972151} = {63F1455D-1F61-4570-B310-47FE7A08D7E8}
		{3E55F34E-A72B-4501-9EE2-7FED953EABD7} = {63F1455D-1F61-4570-B310-47FE7A08D7E8}
		{6D51DAB9-CFE4-41EB-8515-0CD3D1286FB9} = {63F1455D-1F61-4570-B310-47FE7A08D7E8}
		{7D044EEB-0094-4848-8A7D-04E87E510689} = {63F1455D-1F61-4570-B310-47FE7A08D7E8}
		{ED7943B3-0B6A-4122-845F-168822608B0D} = {A8AF7DFE-C758-4008-88DF-040C43B71353}
	EndGlobalSection
EndGlobal
